
Microsoft Visual Studio Solution File, Format Version 12.00
# Visual Studio Version 16
VisualStudioVersion = 16.0.30320.27
MinimumVisualStudioVersion = 10.0.40219.1
Project("{9A19103F-16F7-4668-BE54-9A1E7A4F7556}") = "HashSetTest", "HashSetTest\HashSetTest.csproj", "{3AE39E0F-8FFA-4DF2-A3B3-FC388498E74A}"
EndProject
Project("{9A19103F-16F7-4668-BE54-9A1E7A4F7556}") = "ConsoleAppWithDIAndLogger", "ConsoleAppWithDIAndLogger\ConsoleAppWithDIAndLogger.csproj", "{86F8FAA6-A29F-48FC-960E-7EE635B9DFEA}"
EndProject
Project("{9A19103F-16F7-4668-BE54-9A1E7A4F7556}") = "SerilogWithOptionPattern", "SerilogWithOptionPattern\SerilogWithOptionPattern.csproj", "{6171DC43-E3D7-4248-A721-E07C20F34F68}"
EndProject
Project("{9A19103F-16F7-4668-BE54-9A1E7A4F7556}") = "SoftDelete", "SoftDelete\SoftDelete.csproj", "{D755A2D2-FA47-4AF6-AF02-792FF27DCF07}"
EndProject
Project("{9A19103F-16F7-4668-BE54-9A1E7A4F7556}") = "MyValueConverter", "MyValueConverter\MyValueConverter.csproj", "{F7E30D3F-81E2-4781-A68D-5C73BFE4E237}"
EndProject
Project("{FAE04EC0-301F-11D3-BF4B-00C04F79EFBC}") = "WebApplication", "WebApplication\WebApplication.csproj", "{0179D4A9-F511-437B-B125-DFDC3061EB28}"
EndProject
Global
	GlobalSection(SolutionConfigurationPlatforms) = preSolution
		Debug|Any CPU = Debug|Any CPU
		Release|Any CPU = Release|Any CPU
	EndGlobalSection
	GlobalSection(ProjectConfigurationPlatforms) = postSolution
		{3AE39E0F-8FFA-4DF2-A3B3-FC388498E74A}.Debug|Any CPU.ActiveCfg = Debug|Any CPU
		{3AE39E0F-8FFA-4DF2-A3B3-FC388498E74A}.Debug|Any CPU.Build.0 = Debug|Any CPU
		{3AE39E0F-8FFA-4DF2-A3B3-FC388498E74A}.Release|Any CPU.ActiveCfg = Release|Any CPU
		{3AE39E0F-8FFA-4DF2-A3B3-FC388498E74A}.Release|Any CPU.Build.0 = Release|Any CPU
		{86F8FAA6-A29F-48FC-960E-7EE635B9DFEA}.Debug|Any CPU.ActiveCfg = Debug|Any CPU
		{86F8FAA6-A29F-48FC-960E-7EE635B9DFEA}.Debug|Any CPU.Build.0 = Debug|Any CPU
		{86F8FAA6-A29F-48FC-960E-7EE635B9DFEA}.Release|Any CPU.ActiveCfg = Release|Any CPU
		{86F8FAA6-A29F-48FC-960E-7EE635B9DFEA}.Release|Any CPU.Build.0 = Release|Any CPU
		{6171DC43-E3D7-4248-A721-E07C20F34F68}.Debug|Any CPU.ActiveCfg = Debug|Any CPU
		{6171DC43-E3D7-4248-A721-E07C20F34F68}.Debug|Any CPU.Build.0 = Debug|Any CPU
		{6171DC43-E3D7-4248-A721-E07C20F34F68}.Release|Any CPU.ActiveCfg = Release|Any CPU
		{6171DC43-E3D7-4248-A721-E07C20F34F68}.Release|Any CPU.Build.0 = Release|Any CPU
		{D755A2D2-FA47-4AF6-AF02-792FF27DCF07}.Debug|Any CPU.ActiveCfg = Debug|Any CPU
		{D755A2D2-FA47-4AF6-AF02-792FF27DCF07}.Debug|Any CPU.Build.0 = Debug|Any CPU
		{D755A2D2-FA47-4AF6-AF02-792FF27DCF07}.Release|Any CPU.ActiveCfg = Release|Any CPU
		{D755A2D2-FA47-4AF6-AF02-792FF27DCF07}.Release|Any CPU.Build.0 = Release|Any CPU
		{F7E30D3F-81E2-4781-A68D-5C73BFE4E237}.Debug|Any CPU.ActiveCfg = Debug|Any CPU
		{F7E30D3F-81E2-4781-A68D-5C73BFE4E237}.Debug|Any CPU.Build.0 = Debug|Any CPU
		{F7E30D3F-81E2-4781-A68D-5C73BFE4E237}.Release|Any CPU.ActiveCfg = Release|Any CPU
		{F7E30D3F-81E2-4781-A68D-5C73BFE4E237}.Release|Any CPU.Build.0 = Release|Any CPU
		{0179D4A9-F511-437B-B125-DFDC3061EB28}.Debug|Any CPU.ActiveCfg = Debug|Any CPU
		{0179D4A9-F511-437B-B125-DFDC3061EB28}.Debug|Any CPU.Build.0 = Debug|Any CPU
		{0179D4A9-F511-437B-B125-DFDC3061EB28}.Release|Any CPU.ActiveCfg = Release|Any CPU
		{0179D4A9-F511-437B-B125-DFDC3061EB28}.Release|Any CPU.Build.0 = Release|Any CPU
	EndGlobalSection
	GlobalSection(SolutionProperties) = preSolution
		HideSolutionNode = FALSE
	EndGlobalSection
	GlobalSection(ExtensibilityGlobals) = postSolution
		SolutionGuid = {1B66140F-4101-4FBC-AC4F-C5B5C3D51196}
	EndGlobalSection
EndGlobal
